
Microsoft Visual Studio Solution File, Format Version 12.00
# Visual Studio Version 17
VisualStudioVersion = 17.6.33829.357
MinimumVisualStudioVersion = 10.0.40219.1
Project("{FAE04EC0-301F-11D3-BF4B-00C04F79EFBC}") = "StateMachineSourceGenerator", "StateMachineSourceGenerator\StateMachineSourceGenerator.csproj", "{FF034AAD-81BA-4A77-807A-B2FC2316D370}"
EndProject
Global
	GlobalSection(SolutionConfigurationPlatforms) = preSolution
		Debug|Any CPU = Debug|Any CPU
		Release|Any CPU = Release|Any CPU
	EndGlobalSection
	GlobalSection(ProjectConfigurationPlatforms) = postSolution
		{FF034AAD-81BA-4A77-807A-B2FC2316D370}.Debug|Any CPU.ActiveCfg = Debug|Any CPU
		{FF034AAD-81BA-4A77-807A-B2FC2316D370}.Debug|Any CPU.Build.0 = Debug|Any CPU
		{FF034AAD-81BA-4A77-807A-B2FC2316D370}.Release|Any CPU.ActiveCfg = Release|Any CPU
		{FF034AAD-81BA-4A77-807A-B2FC2316D370}.Release|Any CPU.Build.0 = Release|Any CPU
	EndGlobalSection
	GlobalSection(SolutionProperties) = preSolution
		HideSolutionNode = FALSE
	EndGlobalSection
	GlobalSection(ExtensibilityGlobals) = postSolution
		SolutionGuid = {2744F07E-C097-4A02-A958-8AF5DA65739E}
	EndGlobalSection
EndGlobal
